// !$*UTF8*$!
{
	archiveVersion = 1;
	classes = {
	};
	objectVersion = 56;
	objects = {

/* Begin PBXBuildFile section */
		9A6789C028ED9213001F1CDB /* Color.swift in Sources */ = {isa = PBXBuildFile; fileRef = 9A6789BF28ED9213001F1CDB /* Color.swift */; };
		9A7774A828EB37D20020C750 /* SwiftCalcApp.swift in Sources */ = {isa = PBXBuildFile; fileRef = 9A7774A728EB37D20020C750 /* SwiftCalcApp.swift */; };
		9A7774AA28EB37D20020C750 /* SwiftCalcView.swift in Sources */ = {isa = PBXBuildFile; fileRef = 9A7774A928EB37D20020C750 /* SwiftCalcView.swift */; };
		9A7774AC28EB37D40020C750 /* Assets.xcassets in Resources */ = {isa = PBXBuildFile; fileRef = 9A7774AB28EB37D40020C750 /* Assets.xcassets */; };
		9A7774AF28EB37D40020C750 /* Preview Assets.xcassets in Resources */ = {isa = PBXBuildFile; fileRef = 9A7774AE28EB37D40020C750 /* Preview Assets.xcassets */; };
		9A7774B928EB37D40020C750 /* SwiftCalcTests.swift in Sources */ = {isa = PBXBuildFile; fileRef = 9A7774B828EB37D40020C750 /* SwiftCalcTests.swift */; };
		9A7774C328EB37D40020C750 /* SwiftCalcUITests.swift in Sources */ = {isa = PBXBuildFile; fileRef = 9A7774C228EB37D40020C750 /* SwiftCalcUITests.swift */; };
		9A7774C528EB37D40020C750 /* SwiftCalcUITestsLaunchTests.swift in Sources */ = {isa = PBXBuildFile; fileRef = 9A7774C428EB37D40020C750 /* SwiftCalcUITestsLaunchTests.swift */; };
		9A7774D228EB38410020C750 /* DisplayView.swift in Sources */ = {isa = PBXBuildFile; fileRef = 9A7774D128EB38410020C750 /* DisplayView.swift */; };
		9A7774D528EB386F0020C750 /* MemoryView.swift in Sources */ = {isa = PBXBuildFile; fileRef = 9A7774D428EB386F0020C750 /* MemoryView.swift */; };
/* End PBXBuildFile section */

/* Begin PBXContainerItemProxy section */
		9A7774B528EB37D40020C750 /* PBXContainerItemProxy */ = {
			isa = PBXContainerItemProxy;
			containerPortal = 9A77749C28EB37D20020C750 /* Project object */;
			proxyType = 1;
			remoteGlobalIDString = 9A7774A328EB37D20020C750;
			remoteInfo = SwiftCalc;
		};
		9A7774BF28EB37D40020C750 /* PBXContainerItemProxy */ = {
			isa = PBXContainerItemProxy;
			containerPortal = 9A77749C28EB37D20020C750 /* Project object */;
			proxyType = 1;
			remoteGlobalIDString = 9A7774A328EB37D20020C750;
			remoteInfo = SwiftCalc;
		};
/* End PBXContainerItemProxy section */

/* Begin PBXFileReference section */
		9A6789BF28ED9213001F1CDB /* Color.swift */ = {isa = PBXFileReference; lastKnownFileType = sourcecode.swift; path = Color.swift; sourceTree = "<group>"; };
		9A7774A428EB37D20020C750 /* SwiftCalc.app */ = {isa = PBXFileReference; explicitFileType = wrapper.application; includeInIndex = 0; path = SwiftCalc.app; sourceTree = BUILT_PRODUCTS_DIR; };
		9A7774A728EB37D20020C750 /* SwiftCalcApp.swift */ = {isa = PBXFileReference; lastKnownFileType = sourcecode.swift; path = SwiftCalcApp.swift; sourceTree = "<group>"; };
		9A7774A928EB37D20020C750 /* SwiftCalcView.swift */ = {isa = PBXFileReference; lastKnownFileType = sourcecode.swift; path = SwiftCalcView.swift; sourceTree = "<group>"; };
		9A7774AB28EB37D40020C750 /* Assets.xcassets */ = {isa = PBXFileReference; lastKnownFileType = folder.assetcatalog; path = Assets.xcassets; sourceTree = "<group>"; };
		9A7774AE28EB37D40020C750 /* Preview Assets.xcassets */ = {isa = PBXFileReference; lastKnownFileType = folder.assetcatalog; path = "Preview Assets.xcassets"; sourceTree = "<group>"; };
		9A7774B428EB37D40020C750 /* SwiftCalcTests.xctest */ = {isa = PBXFileReference; explicitFileType = wrapper.cfbundle; includeInIndex = 0; path = SwiftCalcTests.xctest; sourceTree = BUILT_PRODUCTS_DIR; };
		9A7774B828EB37D40020C750 /* SwiftCalcTests.swift */ = {isa = PBXFileReference; lastKnownFileType = sourcecode.swift; path = SwiftCalcTests.swift; sourceTree = "<group>"; };
		9A7774BE28EB37D40020C750 /* SwiftCalcUITests.xctest */ = {isa = PBXFileReference; explicitFileType = wrapper.cfbundle; includeInIndex = 0; path = SwiftCalcUITests.xctest; sourceTree = BUILT_PRODUCTS_DIR; };
		9A7774C228EB37D40020C750 /* SwiftCalcUITests.swift */ = {isa = PBXFileReference; lastKnownFileType = sourcecode.swift; path = SwiftCalcUITests.swift; sourceTree = "<group>"; };
		9A7774C428EB37D40020C750 /* SwiftCalcUITestsLaunchTests.swift */ = {isa = PBXFileReference; lastKnownFileType = sourcecode.swift; path = SwiftCalcUITestsLaunchTests.swift; sourceTree = "<group>"; };
		9A7774D128EB38410020C750 /* DisplayView.swift */ = {isa = PBXFileReference; lastKnownFileType = sourcecode.swift; path = DisplayView.swift; sourceTree = "<group>"; };
		9A7774D428EB386F0020C750 /* MemoryView.swift */ = {isa = PBXFileReference; lastKnownFileType = sourcecode.swift; path = MemoryView.swift; sourceTree = "<group>"; };
/* End PBXFileReference section */

/* Begin PBXFrameworksBuildPhase section */
		9A7774A128EB37D20020C750 /* Frameworks */ = {
			isa = PBXFrameworksBuildPhase;
			buildActionMask = 2147483647;
			files = (
			);
			runOnlyForDeploymentPostprocessing = 0;
		};
		9A7774B128EB37D40020C750 /* Frameworks */ = {
			isa = PBXFrameworksBuildPhase;
			buildActionMask = 2147483647;
			files = (
			);
			runOnlyForDeploymentPostprocessing = 0;
		};
		9A7774BB28EB37D40020C750 /* Frameworks */ = {
			isa = PBXFrameworksBuildPhase;
			buildActionMask = 2147483647;
			files = (
			);
			runOnlyForDeploymentPostprocessing = 0;
		};
/* End PBXFrameworksBuildPhase section */

/* Begin PBXGroup section */
		9A6789BE28ED920A001F1CDB /* Extensions */ = {
			isa = PBXGroup;
			children = (
				9A6789BF28ED9213001F1CDB /* Color.swift */,
			);
			path = Extensions;
			sourceTree = "<group>";
		};
		9A77749B28EB37D20020C750 = {
			isa = PBXGroup;
			children = (
				9A7774A628EB37D20020C750 /* SwiftCalc */,
				9A7774B728EB37D40020C750 /* SwiftCalcTests */,
				9A7774C128EB37D40020C750 /* SwiftCalcUITests */,
				9A7774A528EB37D20020C750 /* Products */,
			);
			sourceTree = "<group>";
		};
		9A7774A528EB37D20020C750 /* Products */ = {
			isa = PBXGroup;
			children = (
				9A7774A428EB37D20020C750 /* SwiftCalc.app */,
				9A7774B428EB37D40020C750 /* SwiftCalcTests.xctest */,
				9A7774BE28EB37D40020C750 /* SwiftCalcUITests.xctest */,
			);
			name = Products;
			sourceTree = "<group>";
		};
		9A7774A628EB37D20020C750 /* SwiftCalc */ = {
			isa = PBXGroup;
			children = (
				9A6789BE28ED920A001F1CDB /* Extensions */,
				9A7774D328EB38640020C750 /* Views */,
				9A7774A728EB37D20020C750 /* SwiftCalcApp.swift */,
				9A7774AB28EB37D40020C750 /* Assets.xcassets */,
				9A7774AD28EB37D40020C750 /* Preview Content */,
			);
			path = SwiftCalc;
			sourceTree = "<group>";
		};
		9A7774AD28EB37D40020C750 /* Preview Content */ = {
			isa = PBXGroup;
			children = (
				9A7774AE28EB37D40020C750 /* Preview Assets.xcassets */,
			);
			path = "Preview Content";
			sourceTree = "<group>";
		};
		9A7774B728EB37D40020C750 /* SwiftCalcTests */ = {
			isa = PBXGroup;
			children = (
				9A7774B828EB37D40020C750 /* SwiftCalcTests.swift */,
			);
			path = SwiftCalcTests;
			sourceTree = "<group>";
		};
		9A7774C128EB37D40020C750 /* SwiftCalcUITests */ = {
			isa = PBXGroup;
			children = (
				9A7774C228EB37D40020C750 /* SwiftCalcUITests.swift */,
				9A7774C428EB37D40020C750 /* SwiftCalcUITestsLaunchTests.swift */,
			);
			path = SwiftCalcUITests;
			sourceTree = "<group>";
		};
		9A7774D328EB38640020C750 /* Views */ = {
			isa = PBXGroup;
			children = (
				9A7774A928EB37D20020C750 /* SwiftCalcView.swift */,
				9A7774D128EB38410020C750 /* DisplayView.swift */,
				9A7774D428EB386F0020C750 /* MemoryView.swift */,
			);
			path = Views;
			sourceTree = "<group>";
		};
/* End PBXGroup section */

/* Begin PBXNativeTarget section */
		9A7774A328EB37D20020C750 /* SwiftCalc */ = {
			isa = PBXNativeTarget;
			buildConfigurationList = 9A7774C828EB37D40020C750 /* Build configuration list for PBXNativeTarget "SwiftCalc" */;
			buildPhases = (
				9A7774A028EB37D20020C750 /* Sources */,
				9A7774A128EB37D20020C750 /* Frameworks */,
				9A7774A228EB37D20020C750 /* Resources */,
			);
			buildRules = (
			);
			dependencies = (
			);
			name = SwiftCalc;
			productName = SwiftCalc;
			productReference = 9A7774A428EB37D20020C750 /* SwiftCalc.app */;
			productType = "com.apple.product-type.application";
		};
		9A7774B328EB37D40020C750 /* SwiftCalcTests */ = {
			isa = PBXNativeTarget;
			buildConfigurationList = 9A7774CB28EB37D40020C750 /* Build configuration list for PBXNativeTarget "SwiftCalcTests" */;
			buildPhases = (
				9A7774B028EB37D40020C750 /* Sources */,
				9A7774B128EB37D40020C750 /* Frameworks */,
				9A7774B228EB37D40020C750 /* Resources */,
			);
			buildRules = (
			);
			dependencies = (
				9A7774B628EB37D40020C750 /* PBXTargetDependency */,
			);
			name = SwiftCalcTests;
			productName = SwiftCalcTests;
			productReference = 9A7774B428EB37D40020C750 /* SwiftCalcTests.xctest */;
			productType = "com.apple.product-type.bundle.unit-test";
		};
		9A7774BD28EB37D40020C750 /* SwiftCalcUITests */ = {
			isa = PBXNativeTarget;
			buildConfigurationList = 9A7774CE28EB37D40020C750 /* Build configuration list for PBXNativeTarget "SwiftCalcUITests" */;
			buildPhases = (
				9A7774BA28EB37D40020C750 /* Sources */,
				9A7774BB28EB37D40020C750 /* Frameworks */,
				9A7774BC28EB37D40020C750 /* Resources */,
			);
			buildRules = (
			);
			dependencies = (
				9A7774C028EB37D40020C750 /* PBXTargetDependency */,
			);
			name = SwiftCalcUITests;
			productName = SwiftCalcUITests;
			productReference = 9A7774BE28EB37D40020C750 /* SwiftCalcUITests.xctest */;
			productType = "com.apple.product-type.bundle.ui-testing";
		};
/* End PBXNativeTarget section */

/* Begin PBXProject section */
		9A77749C28EB37D20020C750 /* Project object */ = {
			isa = PBXProject;
			attributes = {
				BuildIndependentTargetsInParallel = 1;
				LastSwiftUpdateCheck = 1400;
				LastUpgradeCheck = 1400;
				TargetAttributes = {
					9A7774A328EB37D20020C750 = {
						CreatedOnToolsVersion = 14.0;
					};
					9A7774B328EB37D40020C750 = {
						CreatedOnToolsVersion = 14.0;
						TestTargetID = 9A7774A328EB37D20020C750;
					};
					9A7774BD28EB37D40020C750 = {
						CreatedOnToolsVersion = 14.0;
						TestTargetID = 9A7774A328EB37D20020C750;
					};
				};
			};
			buildConfigurationList = 9A77749F28EB37D20020C750 /* Build configuration list for PBXProject "SwiftCalc" */;
			compatibilityVersion = "Xcode 14.0";
			developmentRegion = en;
			hasScannedForEncodings = 0;
			knownRegions = (
				en,
				Base,
			);
			mainGroup = 9A77749B28EB37D20020C750;
			productRefGroup = 9A7774A528EB37D20020C750 /* Products */;
			projectDirPath = "";
			projectRoot = "";
			targets = (
				9A7774A328EB37D20020C750 /* SwiftCalc */,
				9A7774B328EB37D40020C750 /* SwiftCalcTests */,
				9A7774BD28EB37D40020C750 /* SwiftCalcUITests */,
			);
		};
/* End PBXProject section */

/* Begin PBXResourcesBuildPhase section */
		9A7774A228EB37D20020C750 /* Resources */ = {
			isa = PBXResourcesBuildPhase;
			buildActionMask = 2147483647;
			files = (
				9A7774AF28EB37D40020C750 /* Preview Assets.xcassets in Resources */,
				9A7774AC28EB37D40020C750 /* Assets.xcassets in Resources */,
			);
			runOnlyForDeploymentPostprocessing = 0;
		};
		9A7774B228EB37D40020C750 /* Resources */ = {
			isa = PBXResourcesBuildPhase;
			buildActionMask = 2147483647;
			files = (
			);
			runOnlyForDeploymentPostprocessing = 0;
		};
		9A7774BC28EB37D40020C750 /* Resources */ = {
			isa = PBXResourcesBuildPhase;
			buildActionMask = 2147483647;
			files = (
			);
			runOnlyForDeploymentPostprocessing = 0;
		};
/* End PBXResourcesBuildPhase section */

/* Begin PBXSourcesBuildPhase section */
		9A7774A028EB37D20020C750 /* Sources */ = {
			isa = PBXSourcesBuildPhase;
			buildActionMask = 2147483647;
			files = (
				9A7774D228EB38410020C750 /* DisplayView.swift in Sources */,
				9A7774AA28EB37D20020C750 /* SwiftCalcView.swift in Sources */,
				9A7774A828EB37D20020C750 /* SwiftCalcApp.swift in Sources */,
				9A6789C028ED9213001F1CDB /* Color.swift in Sources */,
				9A7774D528EB386F0020C750 /* MemoryView.swift in Sources */,
			);
			runOnlyForDeploymentPostprocessing = 0;
		};
		9A7774B028EB37D40020C750 /* Sources */ = {
			isa = PBXSourcesBuildPhase;
			buildActionMask = 2147483647;
			files = (
				9A7774B928EB37D40020C750 /* SwiftCalcTests.swift in Sources */,
			);
			runOnlyForDeploymentPostprocessing = 0;
		};
		9A7774BA28EB37D40020C750 /* Sources */ = {
			isa = PBXSourcesBuildPhase;
			buildActionMask = 2147483647;
			files = (
				9A7774C328EB37D40020C750 /* SwiftCalcUITests.swift in Sources */,
				9A7774C528EB37D40020C750 /* SwiftCalcUITestsLaunchTests.swift in Sources */,
			);
			runOnlyForDeploymentPostprocessing = 0;
		};
/* End PBXSourcesBuildPhase section */

/* Begin PBXTargetDependency section */
		9A7774B628EB37D40020C750 /* PBXTargetDependency */ = {
			isa = PBXTargetDependency;
			target = 9A7774A328EB37D20020C750 /* SwiftCalc */;
			targetProxy = 9A7774B528EB37D40020C750 /* PBXContainerItemProxy */;
		};
		9A7774C028EB37D40020C750 /* PBXTargetDependency */ = {
			isa = PBXTargetDependency;
			target = 9A7774A328EB37D20020C750 /* SwiftCalc */;
			targetProxy = 9A7774BF28EB37D40020C750 /* PBXContainerItemProxy */;
		};
/* End PBXTargetDependency section */

/* Begin XCBuildConfiguration section */
		9A7774C628EB37D40020C750 /* Debug */ = {
			isa = XCBuildConfiguration;
			buildSettings = {
				ALWAYS_SEARCH_USER_PATHS = NO;
				CLANG_ANALYZER_NONNULL = YES;
				CLANG_ANALYZER_NUMBER_OBJECT_CONVERSION = YES_AGGRESSIVE;
				CLANG_CXX_LANGUAGE_STANDARD = "gnu++20";
				CLANG_ENABLE_MODULES = YES;
				CLANG_ENABLE_OBJC_ARC = YES;
				CLANG_ENABLE_OBJC_WEAK = YES;
				CLANG_WARN_BLOCK_CAPTURE_AUTORELEASING = YES;
				CLANG_WARN_BOOL_CONVERSION = YES;
				CLANG_WARN_COMMA = YES;
				CLANG_WARN_CONSTANT_CONVERSION = YES;
				CLANG_WARN_DEPRECATED_OBJC_IMPLEMENTATIONS = YES;
				CLANG_WARN_DIRECT_OBJC_ISA_USAGE = YES_ERROR;
				CLANG_WARN_DOCUMENTATION_COMMENTS = YES;
				CLANG_WARN_EMPTY_BODY = YES;
				CLANG_WARN_ENUM_CONVERSION = YES;
				CLANG_WARN_INFINITE_RECURSION = YES;
				CLANG_WARN_INT_CONVERSION = YES;
				CLANG_WARN_NON_LITERAL_NULL_CONVERSION = YES;
				CLANG_WARN_OBJC_IMPLICIT_RETAIN_SELF = YES;
				CLANG_WARN_OBJC_LITERAL_CONVERSION = YES;
				CLANG_WARN_OBJC_ROOT_CLASS = YES_ERROR;
				CLANG_WARN_QUOTED_INCLUDE_IN_FRAMEWORK_HEADER = YES;
				CLANG_WARN_RANGE_LOOP_ANALYSIS = YES;
				CLANG_WARN_STRICT_PROTOTYPES = YES;
				CLANG_WARN_SUSPICIOUS_MOVE = YES;
				CLANG_WARN_UNGUARDED_AVAILABILITY = YES_AGGRESSIVE;
				CLANG_WARN_UNREACHABLE_CODE = YES;
				CLANG_WARN__DUPLICATE_METHOD_MATCH = YES;
				COPY_PHASE_STRIP = NO;
				DEBUG_INFORMATION_FORMAT = dwarf;
				ENABLE_STRICT_OBJC_MSGSEND = YES;
				ENABLE_TESTABILITY = YES;
				GCC_C_LANGUAGE_STANDARD = gnu11;
				GCC_DYNAMIC_NO_PIC = NO;
				GCC_NO_COMMON_BLOCKS = YES;
				GCC_OPTIMIZATION_LEVEL = 0;
				GCC_PREPROCESSOR_DEFINITIONS = (
					"DEBUG=1",
					"$(inherited)",
				);
				GCC_WARN_64_TO_32_BIT_CONVERSION = YES;
				GCC_WARN_ABOUT_RETURN_TYPE = YES_ERROR;
				GCC_WARN_UNDECLARED_SELECTOR = YES;
				GCC_WARN_UNINITIALIZED_AUTOS = YES_AGGRESSIVE;
				GCC_WARN_UNUSED_FUNCTION = YES;
				GCC_WARN_UNUSED_VARIABLE = YES;
				IPHONEOS_DEPLOYMENT_TARGET = 16.0;
				MTL_ENABLE_DEBUG_INFO = INCLUDE_SOURCE;
				MTL_FAST_MATH = YES;
				ONLY_ACTIVE_ARCH = YES;
				SDKROOT = iphoneos;
				SWIFT_ACTIVE_COMPILATION_CONDITIONS = DEBUG;
				SWIFT_OPTIMIZATION_LEVEL = "-Onone";
			};
			name = Debug;
		};
		9A7774C728EB37D40020C750 /* Release */ = {
			isa = XCBuildConfiguration;
			buildSettings = {
				ALWAYS_SEARCH_USER_PATHS = NO;
				CLANG_ANALYZER_NONNULL = YES;
				CLANG_ANALYZER_NUMBER_OBJECT_CONVERSION = YES_AGGRESSIVE;
				CLANG_CXX_LANGUAGE_STANDARD = "gnu++20";
				CLANG_ENABLE_MODULES = YES;
				CLANG_ENABLE_OBJC_ARC = YES;
				CLANG_ENABLE_OBJC_WEAK = YES;
				CLANG_WARN_BLOCK_CAPTURE_AUTORELEASING = YES;
				CLANG_WARN_BOOL_CONVERSION = YES;
				CLANG_WARN_COMMA = YES;
				CLANG_WARN_CONSTANT_CONVERSION = YES;
				CLANG_WARN_DEPRECATED_OBJC_IMPLEMENTATIONS = YES;
				CLANG_WARN_DIRECT_OBJC_ISA_USAGE = YES_ERROR;
				CLANG_WARN_DOCUMENTATION_COMMENTS = YES;
				CLANG_WARN_EMPTY_BODY = YES;
				CLANG_WARN_ENUM_CONVERSION = YES;
				CLANG_WARN_INFINITE_RECURSION = YES;
				CLANG_WARN_INT_CONVERSION = YES;
				CLANG_WARN_NON_LITERAL_NULL_CONVERSION = YES;
				CLANG_WARN_OBJC_IMPLICIT_RETAIN_SELF = YES;
				CLANG_WARN_OBJC_LITERAL_CONVERSION = YES;
				CLANG_WARN_OBJC_ROOT_CLASS = YES_ERROR;
				CLANG_WARN_QUOTED_INCLUDE_IN_FRAMEWORK_HEADER = YES;
				CLANG_WARN_RANGE_LOOP_ANALYSIS = YES;
				CLANG_WARN_STRICT_PROTOTYPES = YES;
				CLANG_WARN_SUSPICIOUS_MOVE = YES;
				CLANG_WARN_UNGUARDED_AVAILABILITY = YES_AGGRESSIVE;
				CLANG_WARN_UNREACHABLE_CODE = YES;
				CLANG_WARN__DUPLICATE_METHOD_MATCH = YES;
				COPY_PHASE_STRIP = NO;
				DEBUG_INFORMATION_FORMAT = "dwarf-with-dsym";
				ENABLE_NS_ASSERTIONS = NO;
				ENABLE_STRICT_OBJC_MSGSEND = YES;
				GCC_C_LANGUAGE_STANDARD = gnu11;
				GCC_NO_COMMON_BLOCKS = YES;
				GCC_WARN_64_TO_32_BIT_CONVERSION = YES;
				GCC_WARN_ABOUT_RETURN_TYPE = YES_ERROR;
				GCC_WARN_UNDECLARED_SELECTOR = YES;
				GCC_WARN_UNINITIALIZED_AUTOS = YES_AGGRESSIVE;
				GCC_WARN_UNUSED_FUNCTION = YES;
				GCC_WARN_UNUSED_VARIABLE = YES;
				IPHONEOS_DEPLOYMENT_TARGET = 16.0;
				MTL_ENABLE_DEBUG_INFO = NO;
				MTL_FAST_MATH = YES;
				SDKROOT = iphoneos;
				SWIFT_COMPILATION_MODE = wholemodule;
				SWIFT_OPTIMIZATION_LEVEL = "-O";
				VALIDATE_PRODUCT = YES;
			};
			name = Release;
		};
		9A7774C928EB37D40020C750 /* Debug */ = {
			isa = XCBuildConfiguration;
			buildSettings = {
				ASSETCATALOG_COMPILER_APPICON_NAME = AppIcon;
				ASSETCATALOG_COMPILER_GLOBAL_ACCENT_COLOR_NAME = AccentColor;
				CODE_SIGN_STYLE = Automatic;
				CURRENT_PROJECT_VERSION = 1;
				DEVELOPMENT_ASSET_PATHS = "\"SwiftCalc/Preview Content\"";
				DEVELOPMENT_TEAM = 64E8842TP6;
				ENABLE_PREVIEWS = YES;
				GENERATE_INFOPLIST_FILE = YES;
				INFOPLIST_KEY_UIApplicationSceneManifest_Generation = YES;
				INFOPLIST_KEY_UIApplicationSupportsIndirectInputEvents = YES;
				INFOPLIST_KEY_UILaunchScreen_Generation = YES;
				INFOPLIST_KEY_UISupportedInterfaceOrientations_iPad = "UIInterfaceOrientationPortrait UIInterfaceOrientationPortraitUpsideDown UIInterfaceOrientationLandscapeLeft UIInterfaceOrientationLandscapeRight";
				INFOPLIST_KEY_UISupportedInterfaceOrientations_iPhone = "UIInterfaceOrientationPortrait UIInterfaceOrientationLandscapeLeft UIInterfaceOrientationLandscapeRight";
				LD_RUNPATH_SEARCH_PATHS = (
					"$(inherited)",
					"@executable_path/Frameworks",
				);
				MARKETING_VERSION = 1.0;
				PRODUCT_BUNDLE_IDENTIFIER = com.tiagosantos.SwiftCalc;
				PRODUCT_NAME = "$(TARGET_NAME)";
				SWIFT_EMIT_LOC_STRINGS = YES;
				SWIFT_VERSION = 5.0;
				TARGETED_DEVICE_FAMILY = "1,2";
			};
			name = Debug;
		};
		9A7774CA28EB37D40020C750 /* Release */ = {
			isa = XCBuildConfiguration;
			buildSettings = {
				ASSETCATALOG_COMPILER_APPICON_NAME = AppIcon;
				ASSETCATALOG_COMPILER_GLOBAL_ACCENT_COLOR_NAME = AccentColor;
				CODE_SIGN_STYLE = Automatic;
				CURRENT_PROJECT_VERSION = 1;
				DEVELOPMENT_ASSET_PATHS = "\"SwiftCalc/Preview Content\"";
				DEVELOPMENT_TEAM = 64E8842TP6;
				ENABLE_PREVIEWS = YES;
				GENERATE_INFOPLIST_FILE = YES;
				INFOPLIST_KEY_UIApplicationSceneManifest_Generation = YES;
				INFOPLIST_KEY_UIApplicationSupportsIndirectInputEvents = YES;
				INFOPLIST_KEY_UILaunchScreen_Generation = YES;
				INFOPLIST_KEY_UISupportedInterfaceOrientations_iPad = "UIInterfaceOrientationPortrait UIInterfaceOrientationPortraitUpsideDown UIInterfaceOrientationLandscapeLeft UIInterfaceOrientationLandscapeRight";
				INFOPLIST_KEY_UISupportedInterfaceOrientations_iPhone = "UIInterfaceOrientationPortrait UIInterfaceOrientationLandscapeLeft UIInterfaceOrientationLandscapeRight";
				LD_RUNPATH_SEARCH_PATHS = (
					"$(inherited)",
					"@executable_path/Frameworks",
				);
				MARKETING_VERSION = 1.0;
				PRODUCT_BUNDLE_IDENTIFIER = com.tiagosantos.SwiftCalc;
				PRODUCT_NAME = "$(TARGET_NAME)";
				SWIFT_EMIT_LOC_STRINGS = YES;
				SWIFT_VERSION = 5.0;
				TARGETED_DEVICE_FAMILY = "1,2";
			};
			name = Release;
		};
		9A7774CC28EB37D40020C750 /* Debug */ = {
			isa = XCBuildConfiguration;
			buildSettings = {
				ALWAYS_EMBED_SWIFT_STANDARD_LIBRARIES = YES;
				BUNDLE_LOADER = "$(TEST_HOST)";
				CODE_SIGN_STYLE = Automatic;
				CURRENT_PROJECT_VERSION = 1;
				DEVELOPMENT_TEAM = 64E8842TP6;
				GENERATE_INFOPLIST_FILE = YES;
				IPHONEOS_DEPLOYMENT_TARGET = 16.0;
				MARKETING_VERSION = 1.0;
				PRODUCT_BUNDLE_IDENTIFIER = com.tiagosantos.SwiftCalcTests;
				PRODUCT_NAME = "$(TARGET_NAME)";
				SWIFT_EMIT_LOC_STRINGS = NO;
				SWIFT_VERSION = 5.0;
				TARGETED_DEVICE_FAMILY = "1,2";
				TEST_HOST = "$(BUILT_PRODUCTS_DIR)/SwiftCalc.app/$(BUNDLE_EXECUTABLE_FOLDER_PATH)/SwiftCalc";
			};
			name = Debug;
		};
		9A7774CD28EB37D40020C750 /* Release */ = {
			isa = XCBuildConfiguration;
			buildSettings = {
				ALWAYS_EMBED_SWIFT_STANDARD_LIBRARIES = YES;
				BUNDLE_LOADER = "$(TEST_HOST)";
				CODE_SIGN_STYLE = Automatic;
				CURRENT_PROJECT_VERSION = 1;
				DEVELOPMENT_TEAM = 64E8842TP6;
				GENERATE_INFOPLIST_FILE = YES;
				IPHONEOS_DEPLOYMENT_TARGET = 16.0;
				MARKETING_VERSION = 1.0;
				PRODUCT_BUNDLE_IDENTIFIER = com.tiagosantos.SwiftCalcTests;
				PRODUCT_NAME = "$(TARGET_NAME)";
				SWIFT_EMIT_LOC_STRINGS = NO;
				SWIFT_VERSION = 5.0;
				TARGETED_DEVICE_FAMILY = "1,2";
				TEST_HOST = "$(BUILT_PRODUCTS_DIR)/SwiftCalc.app/$(BUNDLE_EXECUTABLE_FOLDER_PATH)/SwiftCalc";
			};
			name = Release;
		};
		9A7774CF28EB37D40020C750 /* Debug */ = {
			isa = XCBuildConfiguration;
			buildSettings = {
				ALWAYS_EMBED_SWIFT_STANDARD_LIBRARIES = YES;
				CODE_SIGN_STYLE = Automatic;
				CURRENT_PROJECT_VERSION = 1;
				DEVELOPMENT_TEAM = 64E8842TP6;
				GENERATE_INFOPLIST_FILE = YES;
				MARKETING_VERSION = 1.0;
				PRODUCT_BUNDLE_IDENTIFIER = com.tiagosantos.SwiftCalcUITests;
				PRODUCT_NAME = "$(TARGET_NAME)";
				SWIFT_EMIT_LOC_STRINGS = NO;
				SWIFT_VERSION = 5.0;
				TARGETED_DEVICE_FAMILY = "1,2";
				TEST_TARGET_NAME = SwiftCalc;
			};
			name = Debug;
		};
		9A7774D028EB37D40020C750 /* Release */ = {
			isa = XCBuildConfiguration;
			buildSettings = {
				ALWAYS_EMBED_SWIFT_STANDARD_LIBRARIES = YES;
				CODE_SIGN_STYLE = Automatic;
				CURRENT_PROJECT_VERSION = 1;
				DEVELOPMENT_TEAM = 64E8842TP6;
				GENERATE_INFOPLIST_FILE = YES;
				MARKETING_VERSION = 1.0;
				PRODUCT_BUNDLE_IDENTIFIER = com.tiagosantos.SwiftCalcUITests;
				PRODUCT_NAME = "$(TARGET_NAME)";
				SWIFT_EMIT_LOC_STRINGS = NO;
				SWIFT_VERSION = 5.0;
				TARGETED_DEVICE_FAMILY = "1,2";
				TEST_TARGET_NAME = SwiftCalc;
			};
			name = Release;
		};
/* End XCBuildConfiguration section */

/* Begin XCConfigurationList section */
		9A77749F28EB37D20020C750 /* Build configuration list for PBXProject "SwiftCalc" */ = {
			isa = XCConfigurationList;
			buildConfigurations = (
				9A7774C628EB37D40020C750 /* Debug */,
				9A7774C728EB37D40020C750 /* Release */,
			);
			defaultConfigurationIsVisible = 0;
			defaultConfigurationName = Release;
		};
		9A7774C828EB37D40020C750 /* Build configuration list for PBXNativeTarget "SwiftCalc" */ = {
			isa = XCConfigurationList;
			buildConfigurations = (
				9A7774C928EB37D40020C750 /* Debug */,
				9A7774CA28EB37D40020C750 /* Release */,
			);
			defaultConfigurationIsVisible = 0;
			defaultConfigurationName = Release;
		};
		9A7774CB28EB37D40020C750 /* Build configuration list for PBXNativeTarget "SwiftCalcTests" */ = {
			isa = XCConfigurationList;
			buildConfigurations = (
				9A7774CC28EB37D40020C750 /* Debug */,
				9A7774CD28EB37D40020C750 /* Release */,
			);
			defaultConfigurationIsVisible = 0;
			defaultConfigurationName = Release;
		};
		9A7774CE28EB37D40020C750 /* Build configuration list for PBXNativeTarget "SwiftCalcUITests" */ = {
			isa = XCConfigurationList;
			buildConfigurations = (
				9A7774CF28EB37D40020C750 /* Debug */,
				9A7774D028EB37D40020C750 /* Release */,
			);
			defaultConfigurationIsVisible = 0;
			defaultConfigurationName = Release;
		};
/* End XCConfigurationList section */
	};
	rootObject = 9A77749C28EB37D20020C750 /* Project object */;
}
